
Microsoft Visual Studio Solution File, Format Version 12.00
# Visual Studio 15
VisualStudioVersion = 15.0.27004.2005
MinimumVisualStudioVersion = 10.0.40219.1
Project("{FAE04EC0-301F-11D3-BF4B-00C04F79EFBC}") = "CMSCarousel.Infastructure", "CMSCarousel.Infastructure\CMSCarousel.Infastructure.csproj", "{744586AA-E54B-4A3D-AA26-DC7456425E7D}"
EndProject
Project("{FAE04EC0-301F-11D3-BF4B-00C04F79EFBC}") = "CMSCarousel.DAL", "CMSCarousel.DAL\CMSCarousel.DAL.csproj", "{A2465556-CA62-4D78-9715-1642B361F176}"
EndProject
Project("{FAE04EC0-301F-11D3-BF4B-00C04F79EFBC}") = "CMSCarousel.Entities", "CMSCarousel.Entities\CMSCarousel.Entities.csproj", "{97E5A10D-7CCB-4666-B87A-482A4EAA8067}"
EndProject
Project("{FAE04EC0-301F-11D3-BF4B-00C04F79EFBC}") = "CMSCarousel.UI", "CMSCarousel.UI\CMSCarousel.UI.csproj", "{27467BC5-5402-4EC7-AC7E-20E0F92A68C8}"
EndProject
Project("{FAE04EC0-301F-11D3-BF4B-00C04F79EFBC}") = "CMSCarousel.Servcies", "CMSCarousel.Servcies\CMSCarousel.Servcies.csproj", "{5CC611AA-35BA-4914-ABCD-907D44501747}"
EndProject
Global
	GlobalSection(SolutionConfigurationPlatforms) = preSolution
		Debug|Any CPU = Debug|Any CPU
		Release|Any CPU = Release|Any CPU
	EndGlobalSection
	GlobalSection(ProjectConfigurationPlatforms) = postSolution
		{744586AA-E54B-4A3D-AA26-DC7456425E7D}.Debug|Any CPU.ActiveCfg = Debug|Any CPU
		{744586AA-E54B-4A3D-AA26-DC7456425E7D}.Debug|Any CPU.Build.0 = Debug|Any CPU
		{744586AA-E54B-4A3D-AA26-DC7456425E7D}.Release|Any CPU.ActiveCfg = Release|Any CPU
		{744586AA-E54B-4A3D-AA26-DC7456425E7D}.Release|Any CPU.Build.0 = Release|Any CPU
		{A2465556-CA62-4D78-9715-1642B361F176}.Debug|Any CPU.ActiveCfg = Debug|Any CPU
		{A2465556-CA62-4D78-9715-1642B361F176}.Debug|Any CPU.Build.0 = Debug|Any CPU
		{A2465556-CA62-4D78-9715-1642B361F176}.Release|Any CPU.ActiveCfg = Release|Any CPU
		{A2465556-CA62-4D78-9715-1642B361F176}.Release|Any CPU.Build.0 = Release|Any CPU
		{97E5A10D-7CCB-4666-B87A-482A4EAA8067}.Debug|Any CPU.ActiveCfg = Debug|Any CPU
		{97E5A10D-7CCB-4666-B87A-482A4EAA8067}.Debug|Any CPU.Build.0 = Debug|Any CPU
		{97E5A10D-7CCB-4666-B87A-482A4EAA8067}.Release|Any CPU.ActiveCfg = Release|Any CPU
		{97E5A10D-7CCB-4666-B87A-482A4EAA8067}.Release|Any CPU.Build.0 = Release|Any CPU
		{27467BC5-5402-4EC7-AC7E-20E0F92A68C8}.Debug|Any CPU.ActiveCfg = Debug|Any CPU
		{27467BC5-5402-4EC7-AC7E-20E0F92A68C8}.Debug|Any CPU.Build.0 = Debug|Any CPU
		{27467BC5-5402-4EC7-AC7E-20E0F92A68C8}.Release|Any CPU.ActiveCfg = Release|Any CPU
		{27467BC5-5402-4EC7-AC7E-20E0F92A68C8}.Release|Any CPU.Build.0 = Release|Any CPU
		{5CC611AA-35BA-4914-ABCD-907D44501747}.Debug|Any CPU.ActiveCfg = Debug|Any CPU
		{5CC611AA-35BA-4914-ABCD-907D44501747}.Debug|Any CPU.Build.0 = Debug|Any CPU
		{5CC611AA-35BA-4914-ABCD-907D44501747}.Release|Any CPU.ActiveCfg = Release|Any CPU
		{5CC611AA-35BA-4914-ABCD-907D44501747}.Release|Any CPU.Build.0 = Release|Any CPU
	EndGlobalSection
	GlobalSection(SolutionProperties) = preSolution
		HideSolutionNode = FALSE
	EndGlobalSection
	GlobalSection(ExtensibilityGlobals) = postSolution
		SolutionGuid = {A657F523-647B-4D45-B3CA-E88D66940718}
	EndGlobalSection
EndGlobal
